# This file is automatically @generated by Cargo.
# It is not intended for manual editing.
[[package]]
name = "atspi-sys"
version = "0.0.1"
dependencies = [
 "glib-sys 0.9.0 (git+https://github.com/gtk-rs/sys)",
 "gobject-sys 0.9.0 (git+https://github.com/gtk-rs/sys)",
 "libc 0.2.62 (registry+https://github.com/rust-lang/crates.io-index)",
 "libdbus-sys 0.2.1 (registry+https://github.com/rust-lang/crates.io-index)",
 "nix 0.15.0 (registry+https://github.com/rust-lang/crates.io-index)",
 "pkg-config 0.3.16 (registry+https://github.com/rust-lang/crates.io-index)",
 "shell-words 0.1.0 (registry+https://github.com/rust-lang/crates.io-index)",
 "tempdir 0.3.7 (registry+https://github.com/rust-lang/crates.io-index)",
]

[[package]]
name = "bitflags"
version = "1.0.4"
source = "registry+https://github.com/rust-lang/crates.io-index"

[[package]]
name = "cc"
version = "1.0.37"
source = "registry+https://github.com/rust-lang/crates.io-index"

[[package]]
name = "cfg-if"
version = "0.1.9"
source = "registry+https://github.com/rust-lang/crates.io-index"

[[package]]
name = "fuchsia-cprng"
version = "0.1.1"
source = "registry+https://github.com/rust-lang/crates.io-index"

[[package]]
name = "glib-sys"
version = "0.9.0"
source = "git+https://github.com/gtk-rs/sys#6954dd678afd5f3691f3383e4d9d8a1d3fda4786"
dependencies = [
 "libc 0.2.62 (registry+https://github.com/rust-lang/crates.io-index)",
 "pkg-config 0.3.16 (registry+https://github.com/rust-lang/crates.io-index)",
]

[[package]]
name = "gobject-sys"
version = "0.9.0"
source = "git+https://github.com/gtk-rs/sys#6954dd678afd5f3691f3383e4d9d8a1d3fda4786"
dependencies = [
 "glib-sys 0.9.0 (git+https://github.com/gtk-rs/sys)",
 "libc 0.2.62 (registry+https://github.com/rust-lang/crates.io-index)",
 "pkg-config 0.3.16 (registry+https://github.com/rust-lang/crates.io-index)",
]

[[package]]
name = "libc"
version = "0.2.62"
source = "registry+https://github.com/rust-lang/crates.io-index"

[[package]]
name = "libdbus-sys"
version = "0.2.1"
source = "registry+https://github.com/rust-lang/crates.io-index"
dependencies = [
 "pkg-config 0.3.16 (registry+https://github.com/rust-lang/crates.io-index)",
]

[[package]]
name = "nix"
version = "0.15.0"
source = "registry+https://github.com/rust-lang/crates.io-index"
dependencies = [
 "bitflags 1.0.4 (registry+https://github.com/rust-lang/crates.io-index)",
 "cc 1.0.37 (registry+https://github.com/rust-lang/crates.io-index)",
 "cfg-if 0.1.9 (registry+https://github.com/rust-lang/crates.io-index)",
 "libc 0.2.62 (registry+https://github.com/rust-lang/crates.io-index)",
 "void 1.0.2 (registry+https://github.com/rust-lang/crates.io-index)",
]

[[package]]
name = "pkg-config"
version = "0.3.16"
source = "registry+https://github.com/rust-lang/crates.io-index"

[[package]]
name = "rand"
version = "0.4.6"
source = "registry+https://github.com/rust-lang/crates.io-index"
dependencies = [
 "fuchsia-cprng 0.1.1 (registry+https://github.com/rust-lang/crates.io-index)",
 "libc 0.2.62 (registry+https://github.com/rust-lang/crates.io-index)",
 "rand_core 0.3.1 (registry+https://github.com/rust-lang/crates.io-index)",
 "rdrand 0.4.0 (registry+https://github.com/rust-lang/crates.io-index)",
 "winapi 0.3.7 (registry+https://github.com/rust-lang/crates.io-index)",
]

[[package]]
name = "rand_core"
version = "0.3.1"
source = "registry+https://github.com/rust-lang/crates.io-index"
dependencies = [
 "rand_core 0.4.0 (registry+https://github.com/rust-lang/crates.io-index)",
]

[[package]]
name = "rand_core"
version = "0.4.0"
source = "registry+https://github.com/rust-lang/crates.io-index"

[[package]]
name = "rdrand"
version = "0.4.0"
source = "registry+https://github.com/rust-lang/crates.io-index"
dependencies = [
 "rand_core 0.3.1 (registry+https://github.com/rust-lang/crates.io-index)",
]

[[package]]
name = "remove_dir_all"
version = "0.5.1"
source = "registry+https://github.com/rust-lang/crates.io-index"
dependencies = [
 "winapi 0.3.7 (registry+https://github.com/rust-lang/crates.io-index)",
]

[[package]]
name = "shell-words"
version = "0.1.0"
source = "registry+https://github.com/rust-lang/crates.io-index"

[[package]]
name = "tempdir"
version = "0.3.7"
source = "registry+https://github.com/rust-lang/crates.io-index"
dependencies = [
 "rand 0.4.6 (registry+https://github.com/rust-lang/crates.io-index)",
 "remove_dir_all 0.5.1 (registry+https://github.com/rust-lang/crates.io-index)",
]

[[package]]
name = "void"
version = "1.0.2"
source = "registry+https://github.com/rust-lang/crates.io-index"

[[package]]
name = "winapi"
version = "0.3.7"
source = "registry+https://github.com/rust-lang/crates.io-index"
dependencies = [
 "winapi-i686-pc-windows-gnu 0.4.0 (registry+https://github.com/rust-lang/crates.io-index)",
 "winapi-x86_64-pc-windows-gnu 0.4.0 (registry+https://github.com/rust-lang/crates.io-index)",
]

[[package]]
name = "winapi-i686-pc-windows-gnu"
version = "0.4.0"
source = "registry+https://github.com/rust-lang/crates.io-index"

[[package]]
name = "winapi-x86_64-pc-windows-gnu"
version = "0.4.0"
source = "registry+https://github.com/rust-lang/crates.io-index"

[metadata]
"checksum bitflags 1.0.4 (registry+https://github.com/rust-lang/crates.io-index)" = "228047a76f468627ca71776ecdebd732a3423081fcf5125585bcd7c49886ce12"
"checksum cc 1.0.37 (registry+https://github.com/rust-lang/crates.io-index)" = "39f75544d7bbaf57560d2168f28fd649ff9c76153874db88bdbdfd839b1a7e7d"
"checksum cfg-if 0.1.9 (registry+https://github.com/rust-lang/crates.io-index)" = "b486ce3ccf7ffd79fdeb678eac06a9e6c09fc88d33836340becb8fffe87c5e33"
"checksum fuchsia-cprng 0.1.1 (registry+https://github.com/rust-lang/crates.io-index)" = "a06f77d526c1a601b7c4cdd98f54b5eaabffc14d5f2f0296febdc7f357c6d3ba"
"checksum glib-sys 0.9.0 (git+https://github.com/gtk-rs/sys)" = "<none>"
"checksum gobject-sys 0.9.0 (git+https://github.com/gtk-rs/sys)" = "<none>"
"checksum libc 0.2.62 (registry+https://github.com/rust-lang/crates.io-index)" = "34fcd2c08d2f832f376f4173a231990fa5aef4e99fb569867318a227ef4c06ba"
"checksum libdbus-sys 0.2.1 (registry+https://github.com/rust-lang/crates.io-index)" = "dc12a3bc971424edbbf7edaf6e5740483444db63aa8e23d3751ff12a30f306f0"
"checksum nix 0.15.0 (registry+https://github.com/rust-lang/crates.io-index)" = "3b2e0b4f3320ed72aaedb9a5ac838690a8047c7b275da22711fddff4f8a14229"
"checksum pkg-config 0.3.16 (registry+https://github.com/rust-lang/crates.io-index)" = "72d5370d90f49f70bd033c3d75e87fc529fbfff9d6f7cccef07d6170079d91ea"
"checksum rand 0.4.6 (registry+https://github.com/rust-lang/crates.io-index)" = "552840b97013b1a26992c11eac34bdd778e464601a4c2054b5f0bff7c6761293"
"checksum rand_core 0.3.1 (registry+https://github.com/rust-lang/crates.io-index)" = "7a6fdeb83b075e8266dcc8762c22776f6877a63111121f5f8c7411e5be7eed4b"
"checksum rand_core 0.4.0 (registry+https://github.com/rust-lang/crates.io-index)" = "d0e7a549d590831370895ab7ba4ea0c1b6b011d106b5ff2da6eee112615e6dc0"
"checksum rdrand 0.4.0 (registry+https://github.com/rust-lang/crates.io-index)" = "678054eb77286b51581ba43620cc911abf02758c91f93f479767aed0f90458b2"
"checksum remove_dir_all 0.5.1 (registry+https://github.com/rust-lang/crates.io-index)" = "3488ba1b9a2084d38645c4c08276a1752dcbf2c7130d74f1569681ad5d2799c5"
"checksum shell-words 0.1.0 (registry+https://github.com/rust-lang/crates.io-index)" = "39acde55a154c4cd3ae048ac78cc21c25f3a0145e44111b523279113dce0d94a"
"checksum tempdir 0.3.7 (registry+https://github.com/rust-lang/crates.io-index)" = "15f2b5fb00ccdf689e0149d1b1b3c03fead81c2b37735d812fa8bddbbf41b6d8"
"checksum void 1.0.2 (registry+https://github.com/rust-lang/crates.io-index)" = "6a02e4885ed3bc0f2de90ea6dd45ebcbb66dacffe03547fadbb0eeae2770887d"
"checksum winapi 0.3.7 (registry+https://github.com/rust-lang/crates.io-index)" = "f10e386af2b13e47c89e7236a7a14a086791a2b88ebad6df9bf42040195cf770"
"checksum winapi-i686-pc-windows-gnu 0.4.0 (registry+https://github.com/rust-lang/crates.io-index)" = "ac3b87c63620426dd9b991e5ce0329eff545bccbbb34f3be09ff6fb6ab51b7b6"
"checksum winapi-x86_64-pc-windows-gnu 0.4.0 (registry+https://github.com/rust-lang/crates.io-index)" = "712e227841d057c1ee1cd2fb22fa7e5a5461ae8e48fa2ca79ec42cfc1931183f"
